// !$*UTF8*$!
{
	archiveVersion = 1;
	classes = {
	};
	objectVersion = 46;
	objects = {

/* Begin PBXBuildFile section */
		4D3A684813AF3EBD00A74926 /* CacheOperator.cpp in Sources */ = {isa = PBXBuildFile; fileRef = 4D3A684613AF3EBD00A74926 /* CacheOperator.cpp */; };
		4D3A684913AF3EBD00A74926 /* CacheOperator.h in Headers */ = {isa = PBXBuildFile; fileRef = 4D3A684713AF3EBD00A74926 /* CacheOperator.h */; };
		4D51B13513E8A60200F37502 /* ConfinementForceVoid.h in Headers */ = {isa = PBXBuildFile; fileRef = 4D51B13413E8A60200F37502 /* ConfinementForceVoid.h */; };
		4D51B13713E8A60A00F37502 /* ConfinementForceVoid.cpp in Sources */ = {isa = PBXBuildFile; fileRef = 4D51B13613E8A60900F37502 /* ConfinementForceVoid.cpp */; };
		4D51B13A13E8A68600F37502 /* MagneticForce.cpp in Sources */ = {isa = PBXBuildFile; fileRef = 4D51B13813E8A68600F37502 /* MagneticForce.cpp */; };
		4D51B13B13E8A68600F37502 /* MagneticForce.h in Headers */ = {isa = PBXBuildFile; fileRef = 4D51B13913E8A68600F37502 /* MagneticForce.h */; };
		4DDA63D21459F63A00E795F8 /* Integrator.cpp in Sources */ = {isa = PBXBuildFile; fileRef = 4DDA63D11459F63A00E795F8 /* Integrator.cpp */; };
		4DDA63D61459F6A300E795F8 /* Integrator.h in Headers */ = {isa = PBXBuildFile; fileRef = 4DDA63D51459F6A300E795F8 /* Integrator.h */; };
		4DDA63D9145A010000E795F8 /* Runge_Kutta2.h in Headers */ = {isa = PBXBuildFile; fileRef = 4DDA63D8145A010000E795F8 /* Runge_Kutta2.h */; };
		4DDA63DB145A012E00E795F8 /* Runge_Kutta2.cpp in Sources */ = {isa = PBXBuildFile; fileRef = 4DDA63DA145A012E00E795F8 /* Runge_Kutta2.cpp */; };
		4DDDB4F912BA7E62003AC69F /* Operator.h in Headers */ = {isa = PBXBuildFile; fileRef = 4DDDB4F812BA7E62003AC69F /* Operator.h */; };
		4DFB6DBE145B8E5700F82DA1 /* Parallel.h in Headers */ = {isa = PBXBuildFile; fileRef = 4DFB6DBD145B8E5600F82DA1 /* Parallel.h */; };
		E1B3A959129D710500599DFF /* VectorCompatibility.h in Headers */ = {isa = PBXBuildFile; fileRef = E1B3A958129D710500599DFF /* VectorCompatibility.h */; };
		E1FD94351299994F00EBC94D /* Cloud.cpp in Sources */ = {isa = PBXBuildFile; fileRef = E1FD942F1299994C00EBC94D /* Cloud.cpp */; };
		E1FD94361299994F00EBC94D /* Cloud.h in Headers */ = {isa = PBXBuildFile; fileRef = E1FD94301299994F00EBC94D /* Cloud.h */; };
		E1FD94371299994F00EBC94D /* ConfinementForce.cpp in Sources */ = {isa = PBXBuildFile; fileRef = E1FD94311299994F00EBC94D /* ConfinementForce.cpp */; };
		E1FD94381299994F00EBC94D /* ConfinementForce.h in Headers */ = {isa = PBXBuildFile; fileRef = E1FD94321299994F00EBC94D /* ConfinementForce.h */; };
		E1FD94391299994F00EBC94D /* DragForce.cpp in Sources */ = {isa = PBXBuildFile; fileRef = E1FD94331299994F00EBC94D /* DragForce.cpp */; };
		E1FD943A1299994F00EBC94D /* DragForce.h in Headers */ = {isa = PBXBuildFile; fileRef = E1FD94341299994F00EBC94D /* DragForce.h */; };
		E1FD943E1299996300EBC94D /* DrivingForce.cpp in Sources */ = {isa = PBXBuildFile; fileRef = E1FD943B1299996300EBC94D /* DrivingForce.cpp */; };
		E1FD943F1299996300EBC94D /* DrivingForce.h in Headers */ = {isa = PBXBuildFile; fileRef = E1FD943C1299996300EBC94D /* DrivingForce.h */; };
		E1FD94401299996300EBC94D /* Force.h in Headers */ = {isa = PBXBuildFile; fileRef = E1FD943D1299996300EBC94D /* Force.h */; };
		E1FD94531299996F00EBC94D /* mtrand.cpp in Sources */ = {isa = PBXBuildFile; fileRef = E1FD94411299996F00EBC94D /* mtrand.cpp */; };
		E1FD94541299996F00EBC94D /* mtrand.h in Headers */ = {isa = PBXBuildFile; fileRef = E1FD94421299996F00EBC94D /* mtrand.h */; };
		E1FD94551299996F00EBC94D /* RectConfinementForce.cpp in Sources */ = {isa = PBXBuildFile; fileRef = E1FD94431299996F00EBC94D /* RectConfinementForce.cpp */; };
		E1FD94561299996F00EBC94D /* RectConfinementForce.h in Headers */ = {isa = PBXBuildFile; fileRef = E1FD94441299996F00EBC94D /* RectConfinementForce.h */; };
		E1FD94571299996F00EBC94D /* RotationalForce.cpp in Sources */ = {isa = PBXBuildFile; fileRef = E1FD94451299996F00EBC94D /* RotationalForce.cpp */; };
		E1FD94581299996F00EBC94D /* RotationalForce.h in Headers */ = {isa = PBXBuildFile; fileRef = E1FD94461299996F00EBC94D /* RotationalForce.h */; };
		E1FD94591299996F00EBC94D /* Runge_Kutta4.cpp in Sources */ = {isa = PBXBuildFile; fileRef = E1FD94471299996F00EBC94D /* Runge_Kutta4.cpp */; };
		E1FD945A1299996F00EBC94D /* Runge_Kutta4.h in Headers */ = {isa = PBXBuildFile; fileRef = E1FD94481299996F00EBC94D /* Runge_Kutta4.h */; };
		E1FD945B1299996F00EBC94D /* ShieldedCoulombForce.cpp in Sources */ = {isa = PBXBuildFile; fileRef = E1FD94491299996F00EBC94D /* ShieldedCoulombForce.cpp */; };
		E1FD945C1299996F00EBC94D /* ShieldedCoulombForce.h in Headers */ = {isa = PBXBuildFile; fileRef = E1FD944A1299996F00EBC94D /* ShieldedCoulombForce.h */; };
		E1FD945D1299996F00EBC94D /* ThermalForce.cpp in Sources */ = {isa = PBXBuildFile; fileRef = E1FD944B1299996F00EBC94D /* ThermalForce.cpp */; };
		E1FD945E1299996F00EBC94D /* ThermalForce.h in Headers */ = {isa = PBXBuildFile; fileRef = E1FD944C1299996F00EBC94D /* ThermalForce.h */; };
		E1FD945F1299996F00EBC94D /* ThermalForceLocalized.cpp in Sources */ = {isa = PBXBuildFile; fileRef = E1FD944D1299996F00EBC94D /* ThermalForceLocalized.cpp */; };
		E1FD94601299996F00EBC94D /* ThermalForceLocalized.h in Headers */ = {isa = PBXBuildFile; fileRef = E1FD944E1299996F00EBC94D /* ThermalForceLocalized.h */; };
		E1FD94611299996F00EBC94D /* TimeVaryingDragForce.cpp in Sources */ = {isa = PBXBuildFile; fileRef = E1FD944F1299996F00EBC94D /* TimeVaryingDragForce.cpp */; };
		E1FD94621299996F00EBC94D /* TimeVaryingDragForce.h in Headers */ = {isa = PBXBuildFile; fileRef = E1FD94501299996F00EBC94D /* TimeVaryingDragForce.h */; };
		E1FD94631299996F00EBC94D /* TimeVaryingThermalForce.cpp in Sources */ = {isa = PBXBuildFile; fileRef = E1FD94511299996F00EBC94D /* TimeVaryingThermalForce.cpp */; };
		E1FD94641299996F00EBC94D /* TimeVaryingThermalForce.h in Headers */ = {isa = PBXBuildFile; fileRef = E1FD94521299996F00EBC94D /* TimeVaryingThermalForce.h */; };
		E1FD947112999A5700EBC94D /* libSimulation.a in Frameworks */ = {isa = PBXBuildFile; fileRef = D2AAC046055464E500DB518D /* libSimulation.a */; };
		E1FD947912999A8900EBC94D /* driver.cpp in Sources */ = {isa = PBXBuildFile; fileRef = E1FD947812999A8900EBC94D /* driver.cpp */; };
/* End PBXBuildFile section */

/* Begin PBXContainerItemProxy section */
		E1FD946E12999A3400EBC94D /* PBXContainerItemProxy */ = {
			isa = PBXContainerItemProxy;
			containerPortal = 08FB7793FE84155DC02AAC07 /* Project object */;
			proxyType = 1;
			remoteGlobalIDString = D2AAC045055464E500DB518D;
			remoteInfo = Simulation;
		};
/* End PBXContainerItemProxy section */

/* Begin PBXFileReference section */
		4D3A684613AF3EBD00A74926 /* CacheOperator.cpp */ = {isa = PBXFileReference; fileEncoding = 4; lastKnownFileType = sourcecode.cpp.cpp; name = CacheOperator.cpp; path = ../CacheOperator.cpp; sourceTree = SOURCE_ROOT; };
		4D3A684713AF3EBD00A74926 /* CacheOperator.h */ = {isa = PBXFileReference; fileEncoding = 4; lastKnownFileType = sourcecode.c.h; name = CacheOperator.h; path = ../CacheOperator.h; sourceTree = SOURCE_ROOT; };
		4D51B13413E8A60200F37502 /* ConfinementForceVoid.h */ = {isa = PBXFileReference; fileEncoding = 4; lastKnownFileType = sourcecode.c.h; name = ConfinementForceVoid.h; path = ../ConfinementForceVoid.h; sourceTree = "<group>"; };
		4D51B13613E8A60900F37502 /* ConfinementForceVoid.cpp */ = {isa = PBXFileReference; fileEncoding = 4; lastKnownFileType = sourcecode.cpp.cpp; name = ConfinementForceVoid.cpp; path = ../ConfinementForceVoid.cpp; sourceTree = "<group>"; };
		4D51B13813E8A68600F37502 /* MagneticForce.cpp */ = {isa = PBXFileReference; fileEncoding = 4; lastKnownFileType = sourcecode.cpp.cpp; name = MagneticForce.cpp; path = ../MagneticForce.cpp; sourceTree = "<group>"; };
		4D51B13913E8A68600F37502 /* MagneticForce.h */ = {isa = PBXFileReference; fileEncoding = 4; lastKnownFileType = sourcecode.c.h; name = MagneticForce.h; path = ../MagneticForce.h; sourceTree = "<group>"; };
		4DDA63D11459F63A00E795F8 /* Integrator.cpp */ = {isa = PBXFileReference; fileEncoding = 4; lastKnownFileType = sourcecode.cpp.cpp; name = Integrator.cpp; path = ../Integrator.cpp; sourceTree = "<group>"; };
		4DDA63D51459F6A300E795F8 /* Integrator.h */ = {isa = PBXFileReference; fileEncoding = 4; lastKnownFileType = sourcecode.c.h; name = Integrator.h; path = ../Integrator.h; sourceTree = "<group>"; };
		4DDA63D8145A010000E795F8 /* Runge_Kutta2.h */ = {isa = PBXFileReference; fileEncoding = 4; lastKnownFileType = sourcecode.c.h; name = Runge_Kutta2.h; path = ../Runge_Kutta2.h; sourceTree = "<group>"; };
		4DDA63DA145A012E00E795F8 /* Runge_Kutta2.cpp */ = {isa = PBXFileReference; fileEncoding = 4; lastKnownFileType = sourcecode.cpp.cpp; name = Runge_Kutta2.cpp; path = ../Runge_Kutta2.cpp; sourceTree = "<group>"; };
		4DDDB4F812BA7E62003AC69F /* Operator.h */ = {isa = PBXFileReference; fileEncoding = 4; lastKnownFileType = sourcecode.c.h; name = Operator.h; path = ../Operator.h; sourceTree = SOURCE_ROOT; };
		4DFB6DBD145B8E5600F82DA1 /* Parallel.h */ = {isa = PBXFileReference; fileEncoding = 4; lastKnownFileType = sourcecode.c.h; name = Parallel.h; path = ../Parallel.h; sourceTree = "<group>"; };
		D2AAC046055464E500DB518D /* libSimulation.a */ = {isa = PBXFileReference; explicitFileType = archive.ar; includeInIndex = 0; path = libSimulation.a; sourceTree = BUILT_PRODUCTS_DIR; };
		E16C487E12A587AE004F3B02 /* LICENSE.TXT */ = {isa = PBXFileReference; fileEncoding = 4; lastKnownFileType = text; name = LICENSE.TXT; path = ../LICENSE.TXT; sourceTree = SOURCE_ROOT; };
		E16C488412A58E39004F3B02 /* README.TXT */ = {isa = PBXFileReference; fileEncoding = 4; lastKnownFileType = text; name = README.TXT; path = ../README.TXT; sourceTree = "<group>"; };
		E16C488512A58EA6004F3B02 /* makefile */ = {isa = PBXFileReference; fileEncoding = 4; lastKnownFileType = sourcecode.make; name = makefile; path = ../makefile; sourceTree = SOURCE_ROOT; };
		E1B3A958129D710500599DFF /* VectorCompatibility.h */ = {isa = PBXFileReference; fileEncoding = 4; lastKnownFileType = sourcecode.c.h; name = VectorCompatibility.h; path = ../VectorCompatibility.h; sourceTree = SOURCE_ROOT; };
		E1FD942F1299994C00EBC94D /* Cloud.cpp */ = {isa = PBXFileReference; fileEncoding = 4; lastKnownFileType = sourcecode.cpp.cpp; name = Cloud.cpp; path = ../Cloud.cpp; sourceTree = SOURCE_ROOT; };
		E1FD94301299994F00EBC94D /* Cloud.h */ = {isa = PBXFileReference; fileEncoding = 4; lastKnownFileType = sourcecode.c.h; name = Cloud.h; path = ../Cloud.h; sourceTree = SOURCE_ROOT; };
		E1FD94311299994F00EBC94D /* ConfinementForce.cpp */ = {isa = PBXFileReference; fileEncoding = 4; lastKnownFileType = sourcecode.cpp.cpp; name = ConfinementForce.cpp; path = ../ConfinementForce.cpp; sourceTree = SOURCE_ROOT; };
		E1FD94321299994F00EBC94D /* ConfinementForce.h */ = {isa = PBXFileReference; fileEncoding = 4; lastKnownFileType = sourcecode.c.h; name = ConfinementForce.h; path = ../ConfinementForce.h; sourceTree = SOURCE_ROOT; };
		E1FD94331299994F00EBC94D /* DragForce.cpp */ = {isa = PBXFileReference; fileEncoding = 4; lastKnownFileType = sourcecode.cpp.cpp; name = DragForce.cpp; path = ../DragForce.cpp; sourceTree = SOURCE_ROOT; };
		E1FD94341299994F00EBC94D /* DragForce.h */ = {isa = PBXFileReference; fileEncoding = 4; lastKnownFileType = sourcecode.c.h; name = DragForce.h; path = ../DragForce.h; sourceTree = SOURCE_ROOT; };
		E1FD943B1299996300EBC94D /* DrivingForce.cpp */ = {isa = PBXFileReference; fileEncoding = 4; lastKnownFileType = sourcecode.cpp.cpp; name = DrivingForce.cpp; path = ../DrivingForce.cpp; sourceTree = SOURCE_ROOT; };
		E1FD943C1299996300EBC94D /* DrivingForce.h */ = {isa = PBXFileReference; fileEncoding = 4; lastKnownFileType = sourcecode.c.h; name = DrivingForce.h; path = ../DrivingForce.h; sourceTree = SOURCE_ROOT; };
		E1FD943D1299996300EBC94D /* Force.h */ = {isa = PBXFileReference; fileEncoding = 4; lastKnownFileType = sourcecode.c.h; name = Force.h; path = ../Force.h; sourceTree = SOURCE_ROOT; };
		E1FD94411299996F00EBC94D /* mtrand.cpp */ = {isa = PBXFileReference; fileEncoding = 4; lastKnownFileType = sourcecode.cpp.cpp; name = mtrand.cpp; path = ../mtrand.cpp; sourceTree = SOURCE_ROOT; };
		E1FD94421299996F00EBC94D /* mtrand.h */ = {isa = PBXFileReference; fileEncoding = 4; lastKnownFileType = sourcecode.c.h; name = mtrand.h; path = ../mtrand.h; sourceTree = SOURCE_ROOT; };
		E1FD94431299996F00EBC94D /* RectConfinementForce.cpp */ = {isa = PBXFileReference; fileEncoding = 4; lastKnownFileType = sourcecode.cpp.cpp; name = RectConfinementForce.cpp; path = ../RectConfinementForce.cpp; sourceTree = SOURCE_ROOT; };
		E1FD94441299996F00EBC94D /* RectConfinementForce.h */ = {isa = PBXFileReference; fileEncoding = 4; lastKnownFileType = sourcecode.c.h; name = RectConfinementForce.h; path = ../RectConfinementForce.h; sourceTree = SOURCE_ROOT; };
		E1FD94451299996F00EBC94D /* RotationalForce.cpp */ = {isa = PBXFileReference; fileEncoding = 4; lastKnownFileType = sourcecode.cpp.cpp; name = RotationalForce.cpp; path = ../RotationalForce.cpp; sourceTree = SOURCE_ROOT; };
		E1FD94461299996F00EBC94D /* RotationalForce.h */ = {isa = PBXFileReference; fileEncoding = 4; lastKnownFileType = sourcecode.c.h; name = RotationalForce.h; path = ../RotationalForce.h; sourceTree = SOURCE_ROOT; };
		E1FD94471299996F00EBC94D /* Runge_Kutta4.cpp */ = {isa = PBXFileReference; fileEncoding = 4; lastKnownFileType = sourcecode.cpp.cpp; name = Runge_Kutta4.cpp; path = ../Runge_Kutta4.cpp; sourceTree = SOURCE_ROOT; };
		E1FD94481299996F00EBC94D /* Runge_Kutta4.h */ = {isa = PBXFileReference; fileEncoding = 4; lastKnownFileType = sourcecode.c.h; name = Runge_Kutta4.h; path = ../Runge_Kutta4.h; sourceTree = SOURCE_ROOT; };
		E1FD94491299996F00EBC94D /* ShieldedCoulombForce.cpp */ = {isa = PBXFileReference; fileEncoding = 4; lastKnownFileType = sourcecode.cpp.cpp; name = ShieldedCoulombForce.cpp; path = ../ShieldedCoulombForce.cpp; sourceTree = SOURCE_ROOT; };
		E1FD944A1299996F00EBC94D /* ShieldedCoulombForce.h */ = {isa = PBXFileReference; fileEncoding = 4; lastKnownFileType = sourcecode.c.h; name = ShieldedCoulombForce.h; path = ../ShieldedCoulombForce.h; sourceTree = SOURCE_ROOT; };
		E1FD944B1299996F00EBC94D /* ThermalForce.cpp */ = {isa = PBXFileReference; fileEncoding = 4; lastKnownFileType = sourcecode.cpp.cpp; name = ThermalForce.cpp; path = ../ThermalForce.cpp; sourceTree = SOURCE_ROOT; };
		E1FD944C1299996F00EBC94D /* ThermalForce.h */ = {isa = PBXFileReference; fileEncoding = 4; lastKnownFileType = sourcecode.c.h; name = ThermalForce.h; path = ../ThermalForce.h; sourceTree = SOURCE_ROOT; };
		E1FD944D1299996F00EBC94D /* ThermalForceLocalized.cpp */ = {isa = PBXFileReference; fileEncoding = 4; lastKnownFileType = sourcecode.cpp.cpp; name = ThermalForceLocalized.cpp; path = ../ThermalForceLocalized.cpp; sourceTree = SOURCE_ROOT; };
		E1FD944E1299996F00EBC94D /* ThermalForceLocalized.h */ = {isa = PBXFileReference; fileEncoding = 4; lastKnownFileType = sourcecode.c.h; name = ThermalForceLocalized.h; path = ../ThermalForceLocalized.h; sourceTree = SOURCE_ROOT; };
		E1FD944F1299996F00EBC94D /* TimeVaryingDragForce.cpp */ = {isa = PBXFileReference; fileEncoding = 4; lastKnownFileType = sourcecode.cpp.cpp; name = TimeVaryingDragForce.cpp; path = ../TimeVaryingDragForce.cpp; sourceTree = SOURCE_ROOT; };
		E1FD94501299996F00EBC94D /* TimeVaryingDragForce.h */ = {isa = PBXFileReference; fileEncoding = 4; lastKnownFileType = sourcecode.c.h; name = TimeVaryingDragForce.h; path = ../TimeVaryingDragForce.h; sourceTree = SOURCE_ROOT; };
		E1FD94511299996F00EBC94D /* TimeVaryingThermalForce.cpp */ = {isa = PBXFileReference; fileEncoding = 4; lastKnownFileType = sourcecode.cpp.cpp; name = TimeVaryingThermalForce.cpp; path = ../TimeVaryingThermalForce.cpp; sourceTree = SOURCE_ROOT; };
		E1FD94521299996F00EBC94D /* TimeVaryingThermalForce.h */ = {isa = PBXFileReference; fileEncoding = 4; lastKnownFileType = sourcecode.c.h; name = TimeVaryingThermalForce.h; path = ../TimeVaryingThermalForce.h; sourceTree = SOURCE_ROOT; };
		E1FD946A12999A2800EBC94D /* DEMON */ = {isa = PBXFileReference; explicitFileType = "compiled.mach-o.executable"; includeInIndex = 0; path = DEMON; sourceTree = BUILT_PRODUCTS_DIR; };
		E1FD947812999A8900EBC94D /* driver.cpp */ = {isa = PBXFileReference; fileEncoding = 4; lastKnownFileType = sourcecode.cpp.cpp; name = driver.cpp; path = ../driver.cpp; sourceTree = SOURCE_ROOT; };
/* End PBXFileReference section */

/* Begin PBXFrameworksBuildPhase section */
		D289987405E68DCB004EDB86 /* Frameworks */ = {
			isa = PBXFrameworksBuildPhase;
			buildActionMask = 2147483647;
			files = (
			);
			runOnlyForDeploymentPostprocessing = 0;
		};
		E1FD946812999A2800EBC94D /* Frameworks */ = {
			isa = PBXFrameworksBuildPhase;
			buildActionMask = 2147483647;
			files = (
				E1FD947112999A5700EBC94D /* libSimulation.a in Frameworks */,
			);
			runOnlyForDeploymentPostprocessing = 0;
		};
/* End PBXFrameworksBuildPhase section */

/* Begin PBXGroup section */
		08FB7794FE84155DC02AAC07 /* Simulation */ = {
			isa = PBXGroup;
			children = (
				08FB7795FE84155DC02AAC07 /* Source */,
				C6A0FF2B0290797F04C91782 /* Documentation */,
				1AB674ADFE9D54B511CA2CBB /* Products */,
			);
			name = Simulation;
			sourceTree = "<group>";
		};
		08FB7795FE84155DC02AAC07 /* Source */ = {
			isa = PBXGroup;
			children = (
				E1FD947812999A8900EBC94D /* driver.cpp */,
				E144C5B3129998DF00CF0AF3 /* Simulation */,
				E16C488512A58EA6004F3B02 /* makefile */,
			);
			name = Source;
			sourceTree = "<group>";
		};
		1AB674ADFE9D54B511CA2CBB /* Products */ = {
			isa = PBXGroup;
			children = (
				D2AAC046055464E500DB518D /* libSimulation.a */,
				E1FD946A12999A2800EBC94D /* DEMON */,
			);
			name = Products;
			sourceTree = "<group>";
		};
		4DDA63D7145A003600E795F8 /* Integrators */ = {
			isa = PBXGroup;
			children = (
				4DDA63D8145A010000E795F8 /* Runge_Kutta2.h */,
				4DDA63DA145A012E00E795F8 /* Runge_Kutta2.cpp */,
				E1FD94481299996F00EBC94D /* Runge_Kutta4.h */,
				E1FD94471299996F00EBC94D /* Runge_Kutta4.cpp */,
			);
			name = Integrators;
			sourceTree = "<group>";
		};
		4DDDB4F512BA7E11003AC69F /* Operators */ = {
			isa = PBXGroup;
			children = (
				4D3A684713AF3EBD00A74926 /* CacheOperator.h */,
				4D3A684613AF3EBD00A74926 /* CacheOperator.cpp */,
			);
			name = Operators;
			sourceTree = "<group>";
		};
		C6A0FF2B0290797F04C91782 /* Documentation */ = {
			isa = PBXGroup;
			children = (
				E16C487E12A587AE004F3B02 /* LICENSE.TXT */,
				E16C488412A58E39004F3B02 /* README.TXT */,
			);
			name = Documentation;
			sourceTree = "<group>";
		};
		E144C5B3129998DF00CF0AF3 /* Simulation */ = {
			isa = PBXGroup;
			children = (
				E1FD94301299994F00EBC94D /* Cloud.h */,
				E1FD942F1299994C00EBC94D /* Cloud.cpp */,
				4DDA63D51459F6A300E795F8 /* Integrator.h */,
				4DDA63D11459F63A00E795F8 /* Integrator.cpp */,
				4DDA63D7145A003600E795F8 /* Integrators */,
				E1FD943D1299996300EBC94D /* Force.h */,
				E1FD9466129999C200EBC94D /* Forces */,
				4DDDB4F812BA7E62003AC69F /* Operator.h */,
				4DDDB4F512BA7E11003AC69F /* Operators */,
				E1FD94421299996F00EBC94D /* mtrand.h */,
				E1FD94411299996F00EBC94D /* mtrand.cpp */,
				E1B3A958129D710500599DFF /* VectorCompatibility.h */,
				4DFB6DBD145B8E5600F82DA1 /* Parallel.h */,
			);
			name = Simulation;
			sourceTree = "<group>";
		};
		E1AE30D71299F17700775EDE /* Drag Forces */ = {
			isa = PBXGroup;
			children = (
				E1FD94341299994F00EBC94D /* DragForce.h */,
				E1FD94331299994F00EBC94D /* DragForce.cpp */,
				E1FD94501299996F00EBC94D /* TimeVaryingDragForce.h */,
				E1FD944F1299996F00EBC94D /* TimeVaryingDragForce.cpp */,
			);
			name = "Drag Forces";
			sourceTree = "<group>";
		};
		E1AE30D81299F19000775EDE /* ConfinementForces */ = {
			isa = PBXGroup;
			children = (
				E1FD94321299994F00EBC94D /* ConfinementForce.h */,
				E1FD94311299994F00EBC94D /* ConfinementForce.cpp */,
				E1FD94441299996F00EBC94D /* RectConfinementForce.h */,
				E1FD94431299996F00EBC94D /* RectConfinementForce.cpp */,
				4D51B13413E8A60200F37502 /* ConfinementForceVoid.h */,
				4D51B13613E8A60900F37502 /* ConfinementForceVoid.cpp */,
			);
			name = ConfinementForces;
			sourceTree = "<group>";
		};
		E1AE30D91299F1A400775EDE /* ThermalForces */ = {
			isa = PBXGroup;
			children = (
				E1FD944C1299996F00EBC94D /* ThermalForce.h */,
				E1FD944B1299996F00EBC94D /* ThermalForce.cpp */,
				E1FD944E1299996F00EBC94D /* ThermalForceLocalized.h */,
				E1FD944D1299996F00EBC94D /* ThermalForceLocalized.cpp */,
				E1FD94521299996F00EBC94D /* TimeVaryingThermalForce.h */,
				E1FD94511299996F00EBC94D /* TimeVaryingThermalForce.cpp */,
			);
			name = ThermalForces;
			sourceTree = "<group>";
		};
		E1FD9466129999C200EBC94D /* Forces */ = {
			isa = PBXGroup;
			children = (
				E1AE30D81299F19000775EDE /* ConfinementForces */,
				E1AE30D71299F17700775EDE /* Drag Forces */,
				E1FD94461299996F00EBC94D /* RotationalForce.h */,
				E1FD94451299996F00EBC94D /* RotationalForce.cpp */,
				4D51B13913E8A68600F37502 /* MagneticForce.h */,
				4D51B13813E8A68600F37502 /* MagneticForce.cpp */,
				E1AE30D91299F1A400775EDE /* ThermalForces */,
				E1FD944A1299996F00EBC94D /* ShieldedCoulombForce.h */,
				E1FD94491299996F00EBC94D /* ShieldedCoulombForce.cpp */,
				E1FD943C1299996300EBC94D /* DrivingForce.h */,
				E1FD943B1299996300EBC94D /* DrivingForce.cpp */,
			);
			name = Forces;
			sourceTree = "<group>";
		};
/* End PBXGroup section */

/* Begin PBXHeadersBuildPhase section */
		D2AAC043055464E500DB518D /* Headers */ = {
			isa = PBXHeadersBuildPhase;
			buildActionMask = 2147483647;
			files = (
				E1FD94361299994F00EBC94D /* Cloud.h in Headers */,
				E1FD94381299994F00EBC94D /* ConfinementForce.h in Headers */,
				E1FD943A1299994F00EBC94D /* DragForce.h in Headers */,
				E1FD943F1299996300EBC94D /* DrivingForce.h in Headers */,
				E1FD94401299996300EBC94D /* Force.h in Headers */,
				E1FD94541299996F00EBC94D /* mtrand.h in Headers */,
				E1FD94561299996F00EBC94D /* RectConfinementForce.h in Headers */,
				E1FD94581299996F00EBC94D /* RotationalForce.h in Headers */,
				E1FD945A1299996F00EBC94D /* Runge_Kutta4.h in Headers */,
				E1FD945C1299996F00EBC94D /* ShieldedCoulombForce.h in Headers */,
				E1FD945E1299996F00EBC94D /* ThermalForce.h in Headers */,
				E1FD94601299996F00EBC94D /* ThermalForceLocalized.h in Headers */,
				E1FD94621299996F00EBC94D /* TimeVaryingDragForce.h in Headers */,
				E1FD94641299996F00EBC94D /* TimeVaryingThermalForce.h in Headers */,
				E1B3A959129D710500599DFF /* VectorCompatibility.h in Headers */,
				4DDDB4F912BA7E62003AC69F /* Operator.h in Headers */,
				4D3A684913AF3EBD00A74926 /* CacheOperator.h in Headers */,
				4D51B13513E8A60200F37502 /* ConfinementForceVoid.h in Headers */,
				4D51B13B13E8A68600F37502 /* MagneticForce.h in Headers */,
				4DDA63D61459F6A300E795F8 /* Integrator.h in Headers */,
				4DDA63D9145A010000E795F8 /* Runge_Kutta2.h in Headers */,
				4DFB6DBE145B8E5700F82DA1 /* Parallel.h in Headers */,
			);
			runOnlyForDeploymentPostprocessing = 0;
		};
/* End PBXHeadersBuildPhase section */

/* Begin PBXNativeTarget section */
		D2AAC045055464E500DB518D /* Simulation */ = {
			isa = PBXNativeTarget;
			buildConfigurationList = 1DEB91EB08733DB70010E9CD /* Build configuration list for PBXNativeTarget "Simulation" */;
			buildPhases = (
				D2AAC043055464E500DB518D /* Headers */,
				D2AAC044055464E500DB518D /* Sources */,
				D289987405E68DCB004EDB86 /* Frameworks */,
			);
			buildRules = (
			);
			dependencies = (
			);
			name = Simulation;
			productName = Simulation;
			productReference = D2AAC046055464E500DB518D /* libSimulation.a */;
			productType = "com.apple.product-type.library.static";
		};
		E1FD946912999A2800EBC94D /* DEMON */ = {
			isa = PBXNativeTarget;
			buildConfigurationList = E1FD947012999A5400EBC94D /* Build configuration list for PBXNativeTarget "DEMON" */;
			buildPhases = (
				E1FD946712999A2800EBC94D /* Sources */,
				E1FD946812999A2800EBC94D /* Frameworks */,
			);
			buildRules = (
			);
			dependencies = (
				E1FD946F12999A3400EBC94D /* PBXTargetDependency */,
			);
			name = DEMON;
			productName = Sim_2D;
			productReference = E1FD946A12999A2800EBC94D /* DEMON */;
			productType = "com.apple.product-type.tool";
		};
/* End PBXNativeTarget section */

/* Begin PBXProject section */
		08FB7793FE84155DC02AAC07 /* Project object */ = {
			isa = PBXProject;
			attributes = {
				BuildIndependentTargetsInParallel = YES;
				LastUpgradeCheck = 0420;
				ORGANIZATIONNAME = "Plasma Sciences Laboratory";
			};
			buildConfigurationList = 1DEB91EF08733DB70010E9CD /* Build configuration list for PBXProject "Simulation" */;
			compatibilityVersion = "Xcode 3.2";
			developmentRegion = English;
			hasScannedForEncodings = 1;
			knownRegions = (
				English,
				Japanese,
				French,
				German,
			);
			mainGroup = 08FB7794FE84155DC02AAC07 /* Simulation */;
			projectDirPath = "";
			projectRoot = ..;
			targets = (
				D2AAC045055464E500DB518D /* Simulation */,
				E1FD946912999A2800EBC94D /* DEMON */,
			);
		};
/* End PBXProject section */

/* Begin PBXSourcesBuildPhase section */
		D2AAC044055464E500DB518D /* Sources */ = {
			isa = PBXSourcesBuildPhase;
			buildActionMask = 2147483647;
			files = (
				E1FD94351299994F00EBC94D /* Cloud.cpp in Sources */,
				E1FD94371299994F00EBC94D /* ConfinementForce.cpp in Sources */,
				E1FD94391299994F00EBC94D /* DragForce.cpp in Sources */,
				E1FD943E1299996300EBC94D /* DrivingForce.cpp in Sources */,
				E1FD94531299996F00EBC94D /* mtrand.cpp in Sources */,
				E1FD94551299996F00EBC94D /* RectConfinementForce.cpp in Sources */,
				E1FD94571299996F00EBC94D /* RotationalForce.cpp in Sources */,
				E1FD94591299996F00EBC94D /* Runge_Kutta4.cpp in Sources */,
				E1FD945B1299996F00EBC94D /* ShieldedCoulombForce.cpp in Sources */,
				E1FD945D1299996F00EBC94D /* ThermalForce.cpp in Sources */,
				E1FD945F1299996F00EBC94D /* ThermalForceLocalized.cpp in Sources */,
				E1FD94611299996F00EBC94D /* TimeVaryingDragForce.cpp in Sources */,
				E1FD94631299996F00EBC94D /* TimeVaryingThermalForce.cpp in Sources */,
				4D3A684813AF3EBD00A74926 /* CacheOperator.cpp in Sources */,
				4D51B13713E8A60A00F37502 /* ConfinementForceVoid.cpp in Sources */,
				4D51B13A13E8A68600F37502 /* MagneticForce.cpp in Sources */,
				4DDA63D21459F63A00E795F8 /* Integrator.cpp in Sources */,
				4DDA63DB145A012E00E795F8 /* Runge_Kutta2.cpp in Sources */,
			);
			runOnlyForDeploymentPostprocessing = 0;
		};
		E1FD946712999A2800EBC94D /* Sources */ = {
			isa = PBXSourcesBuildPhase;
			buildActionMask = 2147483647;
			files = (
				E1FD947912999A8900EBC94D /* driver.cpp in Sources */,
			);
			runOnlyForDeploymentPostprocessing = 0;
		};
/* End PBXSourcesBuildPhase section */

/* Begin PBXTargetDependency section */
		E1FD946F12999A3400EBC94D /* PBXTargetDependency */ = {
			isa = PBXTargetDependency;
			target = D2AAC045055464E500DB518D /* Simulation */;
			targetProxy = E1FD946E12999A3400EBC94D /* PBXContainerItemProxy */;
		};
/* End PBXTargetDependency section */

/* Begin XCBuildConfiguration section */
		1DEB91EC08733DB70010E9CD /* Debug */ = {
			isa = XCBuildConfiguration;
			buildSettings = {
				ALWAYS_SEARCH_USER_PATHS = NO;
				COPY_PHASE_STRIP = NO;
				GCC_DYNAMIC_NO_PIC = NO;
				GCC_OPTIMIZATION_LEVEL = 0;
				HEADER_SEARCH_PATHS = "$(inherited)";
				INSTALL_PATH = /usr/local/lib;
				LIBRARY_SEARCH_PATHS = "$(inherited)";
				OTHER_LDFLAGS = "";
				PRODUCT_NAME = Simulation;
			};
			name = Debug;
		};
		1DEB91ED08733DB70010E9CD /* Release */ = {
			isa = XCBuildConfiguration;
			buildSettings = {
				ALWAYS_SEARCH_USER_PATHS = NO;
				DEBUG_INFORMATION_FORMAT = "dwarf-with-dsym";
				HEADER_SEARCH_PATHS = "$(inherited)";
				INSTALL_PATH = /usr/local/lib;
				LIBRARY_SEARCH_PATHS = "$(inherited)";
				OTHER_LDFLAGS = "";
				PRODUCT_NAME = Simulation;
			};
			name = Release;
		};
		1DEB91F008733DB70010E9CD /* Debug */ = {
			isa = XCBuildConfiguration;
			buildSettings = {
				ARCHS = "$(ARCHS_STANDARD_32_64_BIT)";
				CLANG_CXX_LANGUAGE_STANDARD = "c++0x";
				CLANG_CXX_LIBRARY = "libc++";
				CLANG_WARN_DEPRECATED_OBJC_IMPLEMENTATIONS = YES;
				CLANG_WARN_IMPLICIT_SIGN_CONVERSION = YES;
				CLANG_WARN_OBJCPP_ARC_ABI = YES;
				CLANG_WARN_OBJC_IMPLICIT_ATOMIC_PROPERTIES = YES;
				CLANG_WARN_SUSPICIOUS_IMPLICIT_CONVERSION = YES;
				GCC_C_LANGUAGE_STANDARD = "compiler-default";
				GCC_ENABLE_SSE3_EXTENSIONS = YES;
				GCC_ENABLE_SSE41_EXTENSIONS = YES;
				GCC_ENABLE_SSE42_EXTENSIONS = YES;
				GCC_ENABLE_SUPPLEMENTAL_SSE3_INSTRUCTIONS = YES;
				GCC_OPTIMIZATION_LEVEL = 0;
				GCC_PREPROCESSOR_DEFINITIONS = "";
				GCC_TREAT_IMPLICIT_FUNCTION_DECLARATIONS_AS_ERRORS = YES;
				GCC_TREAT_INCOMPATIBLE_POINTER_TYPE_WARNINGS_AS_ERRORS = YES;
				GCC_VERSION = "";
				GCC_WARN_64_TO_32_BIT_CONVERSION = YES;
				GCC_WARN_ABOUT_MISSING_FIELD_INITIALIZERS = YES;
				GCC_WARN_ABOUT_MISSING_NEWLINE = YES;
				GCC_WARN_ABOUT_MISSING_PROTOTYPES = YES;
				GCC_WARN_ABOUT_RETURN_TYPE = YES;
				GCC_WARN_FOUR_CHARACTER_CONSTANTS = YES;
				GCC_WARN_HIDDEN_VIRTUAL_FUNCTIONS = YES;
				GCC_WARN_INITIALIZER_NOT_FULLY_BRACKETED = YES;
				GCC_WARN_MULTIPLE_DEFINITION_TYPES_FOR_SELECTOR = YES;
				GCC_WARN_NON_VIRTUAL_DESTRUCTOR = YES;
				GCC_WARN_PEDANTIC = YES;
				GCC_WARN_SHADOW = YES;
				GCC_WARN_SIGN_COMPARE = YES;
				GCC_WARN_UNDECLARED_SELECTOR = YES;
				GCC_WARN_UNINITIALIZED_AUTOS = YES;
				GCC_WARN_UNKNOWN_PRAGMAS = YES;
				GCC_WARN_UNUSED_FUNCTION = YES;
				GCC_WARN_UNUSED_LABEL = YES;
				GCC_WARN_UNUSED_PARAMETER = YES;
				GCC_WARN_UNUSED_VARIABLE = YES;
				HEADER_SEARCH_PATHS = /Users/mark/cfitsio;
				LIBRARY_SEARCH_PATHS = /Users/mark/cfitsio;
				ONLY_ACTIVE_ARCH = YES;
				OTHER_LDFLAGS = "-lcfitsio";
				RUN_CLANG_STATIC_ANALYZER = YES;
				SDKROOT = macosx;
				USER_HEADER_SEARCH_PATHS = "";
			};
			name = Debug;
		};
		1DEB91F108733DB70010E9CD /* Release */ = {
			isa = XCBuildConfiguration;
			buildSettings = {
				ARCHS = "$(ARCHS_STANDARD_64_BIT)";
				CLANG_CXX_LANGUAGE_STANDARD = "c++0x";
				CLANG_CXX_LIBRARY = "libc++";
				CLANG_WARN_DEPRECATED_OBJC_IMPLEMENTATIONS = YES;
				CLANG_WARN_IMPLICIT_SIGN_CONVERSION = YES;
				CLANG_WARN_OBJCPP_ARC_ABI = YES;
				CLANG_WARN_OBJC_IMPLICIT_ATOMIC_PROPERTIES = YES;
				CLANG_WARN_SUSPICIOUS_IMPLICIT_CONVERSION = YES;
				GCC_C_LANGUAGE_STANDARD = "compiler-default";
				GCC_DYNAMIC_NO_PIC = YES;
				GCC_ENABLE_SSE3_EXTENSIONS = YES;
				GCC_ENABLE_SSE41_EXTENSIONS = YES;
				GCC_ENABLE_SSE42_EXTENSIONS = YES;
				GCC_ENABLE_SUPPLEMENTAL_SSE3_INSTRUCTIONS = YES;
				GCC_OPTIMIZATION_LEVEL = 3;
				GCC_PREPROCESSOR_DEFINITIONS = "";
				GCC_STRICT_ALIASING = YES;
				GCC_TREAT_IMPLICIT_FUNCTION_DECLARATIONS_AS_ERRORS = YES;
				GCC_TREAT_INCOMPATIBLE_POINTER_TYPE_WARNINGS_AS_ERRORS = YES;
				GCC_UNROLL_LOOPS = YES;
				GCC_VERSION = "";
				GCC_WARN_64_TO_32_BIT_CONVERSION = YES;
				GCC_WARN_ABOUT_MISSING_FIELD_INITIALIZERS = YES;
				GCC_WARN_ABOUT_MISSING_NEWLINE = YES;
				GCC_WARN_ABOUT_MISSING_PROTOTYPES = YES;
				GCC_WARN_ABOUT_RETURN_TYPE = YES;
				GCC_WARN_CHECK_SWITCH_STATEMENTS = YES;
				GCC_WARN_FOUR_CHARACTER_CONSTANTS = YES;
				GCC_WARN_HIDDEN_VIRTUAL_FUNCTIONS = YES;
				GCC_WARN_INITIALIZER_NOT_FULLY_BRACKETED = YES;
				GCC_WARN_MISSING_PARENTHESES = YES;
				GCC_WARN_MULTIPLE_DEFINITION_TYPES_FOR_SELECTOR = YES;
				GCC_WARN_NON_VIRTUAL_DESTRUCTOR = YES;
				GCC_WARN_PEDANTIC = YES;
				GCC_WARN_SHADOW = YES;
				GCC_WARN_SIGN_COMPARE = YES;
				GCC_WARN_STRICT_SELECTOR_MATCH = NO;
				GCC_WARN_UNDECLARED_SELECTOR = YES;
				GCC_WARN_UNINITIALIZED_AUTOS = YES;
				GCC_WARN_UNKNOWN_PRAGMAS = YES;
				GCC_WARN_UNUSED_FUNCTION = YES;
				GCC_WARN_UNUSED_LABEL = YES;
				GCC_WARN_UNUSED_PARAMETER = YES;
				GCC_WARN_UNUSED_VALUE = YES;
				GCC_WARN_UNUSED_VARIABLE = YES;
				HEADER_SEARCH_PATHS = /Users/mark/cfitsio;
				LIBRARY_SEARCH_PATHS = /Users/mark/cfitsio;
				LLVM_LTO = NO;
				OTHER_LDFLAGS = "-lcfitsio";
				RUN_CLANG_STATIC_ANALYZER = YES;
				SDKROOT = macosx;
				USER_HEADER_SEARCH_PATHS = "";
			};
			name = Release;
		};
		E1FD946C12999A2E00EBC94D /* Debug */ = {
			isa = XCBuildConfiguration;
			buildSettings = {
				ALWAYS_SEARCH_USER_PATHS = NO;
				COPY_PHASE_STRIP = NO;
				GCC_C_LANGUAGE_STANDARD = "compiler-default";
				GCC_DYNAMIC_NO_PIC = NO;
				GCC_OPTIMIZATION_LEVEL = 0;
				HEADER_SEARCH_PATHS = "$(inherited)";
				INSTALL_PATH = /usr/local/bin;
				LIBRARY_SEARCH_PATHS = "$(inherited)";
				OTHER_LDFLAGS = "$(inherited)";
				PRODUCT_NAME = DEMON;
			};
			name = Debug;
		};
		E1FD946D12999A2E00EBC94D /* Release */ = {
			isa = XCBuildConfiguration;
			buildSettings = {
				ALWAYS_SEARCH_USER_PATHS = NO;
				COPY_PHASE_STRIP = YES;
				DEBUG_INFORMATION_FORMAT = "dwarf-with-dsym";
				GCC_C_LANGUAGE_STANDARD = "compiler-default";
				GCC_WARN_ABOUT_MISSING_PROTOTYPES = NO;
				HEADER_SEARCH_PATHS = "$(inherited)";
				INSTALL_PATH = /usr/local/bin;
				LIBRARY_SEARCH_PATHS = "$(inherited)";
				OTHER_LDFLAGS = "$(inherited)";
				PRODUCT_NAME = DEMON;
			};
			name = Release;
		};
/* End XCBuildConfiguration section */

/* Begin XCConfigurationList section */
		1DEB91EB08733DB70010E9CD /* Build configuration list for PBXNativeTarget "Simulation" */ = {
			isa = XCConfigurationList;
			buildConfigurations = (
				1DEB91EC08733DB70010E9CD /* Debug */,
				1DEB91ED08733DB70010E9CD /* Release */,
			);
			defaultConfigurationIsVisible = 0;
			defaultConfigurationName = Release;
		};
		1DEB91EF08733DB70010E9CD /* Build configuration list for PBXProject "Simulation" */ = {
			isa = XCConfigurationList;
			buildConfigurations = (
				1DEB91F008733DB70010E9CD /* Debug */,
				1DEB91F108733DB70010E9CD /* Release */,
			);
			defaultConfigurationIsVisible = 0;
			defaultConfigurationName = Release;
		};
		E1FD947012999A5400EBC94D /* Build configuration list for PBXNativeTarget "DEMON" */ = {
			isa = XCConfigurationList;
			buildConfigurations = (
				E1FD946C12999A2E00EBC94D /* Debug */,
				E1FD946D12999A2E00EBC94D /* Release */,
			);
			defaultConfigurationIsVisible = 0;
			defaultConfigurationName = Release;
		};
/* End XCConfigurationList section */
	};
	rootObject = 08FB7793FE84155DC02AAC07 /* Project object */;
}
